
Microsoft Visual Studio Solution File, Format Version 12.00
# Visual Studio 15
VisualStudioVersion = 15.0.28010.2036
MinimumVisualStudioVersion = 10.0.40219.1
Project("{FAE04EC0-301F-11D3-BF4B-00C04F79EFBC}") = "HeaderTrim", "HeaderTrim\HeaderTrim.csproj", "{9280BA65-259A-43C1-B864-E6596CDB40E1}"
EndProject
Global
	GlobalSection(SolutionConfigurationPlatforms) = preSolution
		Debug|Any CPU = Debug|Any CPU
		Release|Any CPU = Release|Any CPU
	EndGlobalSection
	GlobalSection(ProjectConfigurationPlatforms) = postSolution
		{9280BA65-259A-43C1-B864-E6596CDB40E1}.Debug|Any CPU.ActiveCfg = Debug|Any CPU
		{9280BA65-259A-43C1-B864-E6596CDB40E1}.Debug|Any CPU.Build.0 = Debug|Any CPU
		{9280BA65-259A-43C1-B864-E6596CDB40E1}.Release|Any CPU.ActiveCfg = Release|Any CPU
		{9280BA65-259A-43C1-B864-E6596CDB40E1}.Release|Any CPU.Build.0 = Release|Any CPU
	EndGlobalSection
	GlobalSection(SolutionProperties) = preSolution
		HideSolutionNode = FALSE
	EndGlobalSection
	GlobalSection(ExtensibilityGlobals) = postSolution
		SolutionGuid = {10CD881C-89C8-44F4-A0DF-2CAAADA2017B}
	EndGlobalSection
EndGlobal
